
Microsoft Visual Studio Solution File, Format Version 12.00
# Visual Studio 15
VisualStudioVersion = 15.0.28010.2019
MinimumVisualStudioVersion = 10.0.40219.1
Project("{FAE04EC0-301F-11D3-BF4B-00C04F79EFBC}") = "LinkedList", "LinkedList\LinkedList.csproj", "{0320D4B9-ECC8-4537-8298-B3EDEEE1AA6B}"
EndProject
Project("{FAE04EC0-301F-11D3-BF4B-00C04F79EFBC}") = "LinkedListTests", "LinkedListTests\LinkedListTests.csproj", "{3183C7DD-CA6E-4491-BE29-5E5134BE5C31}"
EndProject
Global
	GlobalSection(SolutionConfigurationPlatforms) = preSolution
		Debug|Any CPU = Debug|Any CPU
		Release|Any CPU = Release|Any CPU
	EndGlobalSection
	GlobalSection(ProjectConfigurationPlatforms) = postSolution
		{0320D4B9-ECC8-4537-8298-B3EDEEE1AA6B}.Debug|Any CPU.ActiveCfg = Debug|Any CPU
		{0320D4B9-ECC8-4537-8298-B3EDEEE1AA6B}.Debug|Any CPU.Build.0 = Debug|Any CPU
		{0320D4B9-ECC8-4537-8298-B3EDEEE1AA6B}.Release|Any CPU.ActiveCfg = Release|Any CPU
		{0320D4B9-ECC8-4537-8298-B3EDEEE1AA6B}.Release|Any CPU.Build.0 = Release|Any CPU
		{3183C7DD-CA6E-4491-BE29-5E5134BE5C31}.Debug|Any CPU.ActiveCfg = Debug|Any CPU
		{3183C7DD-CA6E-4491-BE29-5E5134BE5C31}.Debug|Any CPU.Build.0 = Debug|Any CPU
		{3183C7DD-CA6E-4491-BE29-5E5134BE5C31}.Release|Any CPU.ActiveCfg = Release|Any CPU
		{3183C7DD-CA6E-4491-BE29-5E5134BE5C31}.Release|Any CPU.Build.0 = Release|Any CPU
	EndGlobalSection
	GlobalSection(SolutionProperties) = preSolution
		HideSolutionNode = FALSE
	EndGlobalSection
	GlobalSection(ExtensibilityGlobals) = postSolution
		SolutionGuid = {C9327B2A-D492-4B30-8BB7-7F9E713EF0F6}
	EndGlobalSection
EndGlobal
